
Microsoft Visual Studio Solution File, Format Version 12.00
# Visual Studio Version 16
VisualStudioVersion = 16.0.32126.315
MinimumVisualStudioVersion = 10.0.40219.1
Project("{FAE04EC0-301F-11D3-BF4B-00C04F79EFBC}") = "TaskForSingerSong", "TaskForSingerSong.csproj", "{837FDCEF-FB33-4FA5-BAF5-CC63885077BE}"
EndProject
Global
	GlobalSection(SolutionConfigurationPlatforms) = preSolution
		Debug|Any CPU = Debug|Any CPU
		Release|Any CPU = Release|Any CPU
	EndGlobalSection
	GlobalSection(ProjectConfigurationPlatforms) = postSolution
		{837FDCEF-FB33-4FA5-BAF5-CC63885077BE}.Debug|Any CPU.ActiveCfg = Debug|Any CPU
		{837FDCEF-FB33-4FA5-BAF5-CC63885077BE}.Debug|Any CPU.Build.0 = Debug|Any CPU
		{837FDCEF-FB33-4FA5-BAF5-CC63885077BE}.Release|Any CPU.ActiveCfg = Release|Any CPU
		{837FDCEF-FB33-4FA5-BAF5-CC63885077BE}.Release|Any CPU.Build.0 = Release|Any CPU
	EndGlobalSection
	GlobalSection(SolutionProperties) = preSolution
		HideSolutionNode = FALSE
	EndGlobalSection
	GlobalSection(ExtensibilityGlobals) = postSolution
		SolutionGuid = {48DB1841-EA4F-4DF3-BD40-8CB4A71BE9B0}
	EndGlobalSection
EndGlobal
